
Microsoft Visual Studio Solution File, Format Version 12.00
# Visual Studio Version 17
VisualStudioVersion = 17.2.32516.85
MinimumVisualStudioVersion = 10.0.40219.1
Project("{FAE04EC0-301F-11D3-BF4B-00C04F79EFBC}") = "AppSwitch", "AppSwitch.csproj", "{6DB96292-5FA5-463F-8473-71CFE4AFF42A}"
	ProjectSection(ProjectDependencies) = postProject
		{59E69501-75FA-4BAA-98B3-6E0118AB583B} = {59E69501-75FA-4BAA-98B3-6E0118AB583B}
	EndProjectSection
EndProject
Project("{FAE04EC0-301F-11D3-BF4B-00C04F79EFBC}") = "AppSwitchLibrary", "AppSwitchLibrary\AppSwitchLibrary.csproj", "{59E69501-75FA-4BAA-98B3-6E0118AB583B}"
EndProject
Global
	GlobalSection(SolutionConfigurationPlatforms) = preSolution
		Debug|Any CPU = Debug|Any CPU
		Release|Any CPU = Release|Any CPU
	EndGlobalSection
	GlobalSection(ProjectConfigurationPlatforms) = postSolution
		{6DB96292-5FA5-463F-8473-71CFE4AFF42A}.Debug|Any CPU.ActiveCfg = Debug|Any CPU
		{6DB96292-5FA5-463F-8473-71CFE4AFF42A}.Debug|Any CPU.Build.0 = Debug|Any CPU
		{6DB96292-5FA5-463F-8473-71CFE4AFF42A}.Release|Any CPU.ActiveCfg = Release|Any CPU
		{6DB96292-5FA5-463F-8473-71CFE4AFF42A}.Release|Any CPU.Build.0 = Release|Any CPU
		{59E69501-75FA-4BAA-98B3-6E0118AB583B}.Debug|Any CPU.ActiveCfg = Debug|Any CPU
		{59E69501-75FA-4BAA-98B3-6E0118AB583B}.Debug|Any CPU.Build.0 = Debug|Any CPU
		{59E69501-75FA-4BAA-98B3-6E0118AB583B}.Release|Any CPU.ActiveCfg = Release|Any CPU
		{59E69501-75FA-4BAA-98B3-6E0118AB583B}.Release|Any CPU.Build.0 = Release|Any CPU
	EndGlobalSection
	GlobalSection(SolutionProperties) = preSolution
		HideSolutionNode = FALSE
	EndGlobalSection
	GlobalSection(ExtensibilityGlobals) = postSolution
		SolutionGuid = {59AA9F65-BFF4-4275-9A38-14725DAAC76B}
	EndGlobalSection
EndGlobal
